
Microsoft Visual Studio Solution File, Format Version 12.00
# Visual Studio Version 17
VisualStudioVersion = 17.2.32526.322
MinimumVisualStudioVersion = 10.0.40219.1
Project("{FAE04EC0-301F-11D3-BF4B-00C04F79EFBC}") = "HelloWordVS2022", "HelloWordVS2022\HelloWordVS2022.csproj", "{68F75289-F39F-409B-A642-0C55E8BF78C4}"
EndProject
Project("{FAE04EC0-301F-11D3-BF4B-00C04F79EFBC}") = "DataTypes", "DataTypes\DataTypes.csproj", "{60E5D182-AAF1-4890-A5EE-EC0ED84DFD56}"
EndProject
Global
	GlobalSection(SolutionConfigurationPlatforms) = preSolution
		Debug|Any CPU = Debug|Any CPU
		Release|Any CPU = Release|Any CPU
	EndGlobalSection
	GlobalSection(ProjectConfigurationPlatforms) = postSolution
		{68F75289-F39F-409B-A642-0C55E8BF78C4}.Debug|Any CPU.ActiveCfg = Debug|Any CPU
		{68F75289-F39F-409B-A642-0C55E8BF78C4}.Debug|Any CPU.Build.0 = Debug|Any CPU
		{68F75289-F39F-409B-A642-0C55E8BF78C4}.Release|Any CPU.ActiveCfg = Release|Any CPU
		{68F75289-F39F-409B-A642-0C55E8BF78C4}.Release|Any CPU.Build.0 = Release|Any CPU
		{60E5D182-AAF1-4890-A5EE-EC0ED84DFD56}.Debug|Any CPU.ActiveCfg = Debug|Any CPU
		{60E5D182-AAF1-4890-A5EE-EC0ED84DFD56}.Debug|Any CPU.Build.0 = Debug|Any CPU
		{60E5D182-AAF1-4890-A5EE-EC0ED84DFD56}.Release|Any CPU.ActiveCfg = Release|Any CPU
		{60E5D182-AAF1-4890-A5EE-EC0ED84DFD56}.Release|Any CPU.Build.0 = Release|Any CPU
	EndGlobalSection
	GlobalSection(SolutionProperties) = preSolution
		HideSolutionNode = FALSE
	EndGlobalSection
	GlobalSection(ExtensibilityGlobals) = postSolution
		SolutionGuid = {BFA28B68-E688-4C8C-8EB9-961B7E14A7BC}
	EndGlobalSection
EndGlobal
