
Microsoft Visual Studio Solution File, Format Version 12.00
# Visual Studio Version 17
VisualStudioVersion = 17.2.32526.322
MinimumVisualStudioVersion = 10.0.40219.1
Project("{FAE04EC0-301F-11D3-BF4B-00C04F79EFBC}") = "DataTypes_Variables", "DataTypes_Variables\DataTypes_Variables.csproj", "{1A0913A4-8F64-4A91-A42F-8DE837259A60}"
EndProject
Project("{FAE04EC0-301F-11D3-BF4B-00C04F79EFBC}") = "DataType_Variables_Challenges", "DataType_Variables_Challenges\DataType_Variables_Challenges.csproj", "{C485EA29-DECA-4B2F-B84F-7579C56523D5}"
EndProject
Global
	GlobalSection(SolutionConfigurationPlatforms) = preSolution
		Debug|Any CPU = Debug|Any CPU
		Release|Any CPU = Release|Any CPU
	EndGlobalSection
	GlobalSection(ProjectConfigurationPlatforms) = postSolution
		{1A0913A4-8F64-4A91-A42F-8DE837259A60}.Debug|Any CPU.ActiveCfg = Debug|Any CPU
		{1A0913A4-8F64-4A91-A42F-8DE837259A60}.Debug|Any CPU.Build.0 = Debug|Any CPU
		{1A0913A4-8F64-4A91-A42F-8DE837259A60}.Release|Any CPU.ActiveCfg = Release|Any CPU
		{1A0913A4-8F64-4A91-A42F-8DE837259A60}.Release|Any CPU.Build.0 = Release|Any CPU
		{C485EA29-DECA-4B2F-B84F-7579C56523D5}.Debug|Any CPU.ActiveCfg = Debug|Any CPU
		{C485EA29-DECA-4B2F-B84F-7579C56523D5}.Debug|Any CPU.Build.0 = Debug|Any CPU
		{C485EA29-DECA-4B2F-B84F-7579C56523D5}.Release|Any CPU.ActiveCfg = Release|Any CPU
		{C485EA29-DECA-4B2F-B84F-7579C56523D5}.Release|Any CPU.Build.0 = Release|Any CPU
	EndGlobalSection
	GlobalSection(SolutionProperties) = preSolution
		HideSolutionNode = FALSE
	EndGlobalSection
	GlobalSection(ExtensibilityGlobals) = postSolution
		SolutionGuid = {62DB551C-AB38-4044-9F84-1531081FF520}
	EndGlobalSection
EndGlobal
